{
  "name": "screenshot-node",
  "version": "1.2.2",
  "lockfileVersion": 1,
  "requires": true,
  "dependencies": {
    "nan": {
      "version": "2.12.1",
      "resolved": "http://npm.hekr.me/nan/-/nan-2.12.1.tgz",
      "integrity": "sha1-exqhk+mqhgV+PHu9CsRI53CSVVI="
    },
    "node-addon-api": {
      "version": "1.6.2",
      "resolved": "http://npm.hekr.me/node-addon-api/-/node-addon-api-1.6.2.tgz",
      "integrity": "sha1-2KrZeBpc/EEyzC/s292YJTQmUhc="
    }
  }
}
